# THIS IS AN AUTOGENERATED FILE. DO NOT EDIT THIS FILE DIRECTLY.
# yarn lockfile v1


csv-parse@^4.15.4:
  version "4.15.4"
  resolved "https://registry.yarnpkg.com/csv-parse/-/csv-parse-4.15.4.tgz#ad1ec62aaf71a642982dfcb81f1848184d691db5"
  integrity sha512-OdBbFc0yZhOm17lSxqkirrHlFFVpKRT0wp4DAGoJelsP3LbGzV9LNr7XmM/lrr0uGkCtaqac9UhP8PDHXOAbMg==
